// !$*UTF8*$!
{
	archiveVersion = 1;
	classes = {
	};
	objectVersion = 50;
	objects = {

/* Begin PBXBuildFile section */
		0301030423A5841D00F1044F /* WordList.swift in Sources */ = {isa = PBXBuildFile; fileRef = 0301030323A5841D00F1044F /* WordList.swift */; };
		03FFB3E723A42DB400C8E559 /* AppDelegate.swift in Sources */ = {isa = PBXBuildFile; fileRef = 03FFB3E623A42DB400C8E559 /* AppDelegate.swift */; };
		03FFB3E923A42DB400C8E559 /* SceneDelegate.swift in Sources */ = {isa = PBXBuildFile; fileRef = 03FFB3E823A42DB400C8E559 /* SceneDelegate.swift */; };
		03FFB3EC23A42DB400C8E559 /* Urhobo_Game_V2.xcdatamodeld in Sources */ = {isa = PBXBuildFile; fileRef = 03FFB3EA23A42DB400C8E559 /* Urhobo_Game_V2.xcdatamodeld */; };
		03FFB3EE23A42DB400C8E559 /* ContentView.swift in Sources */ = {isa = PBXBuildFile; fileRef = 03FFB3ED23A42DB400C8E559 /* ContentView.swift */; };
		03FFB3F023A42DB900C8E559 /* Assets.xcassets in Resources */ = {isa = PBXBuildFile; fileRef = 03FFB3EF23A42DB900C8E559 /* Assets.xcassets */; };
		03FFB3F323A42DB900C8E559 /* Preview Assets.xcassets in Resources */ = {isa = PBXBuildFile; fileRef = 03FFB3F223A42DB900C8E559 /* Preview Assets.xcassets */; };
		03FFB3F623A42DB900C8E559 /* LaunchScreen.storyboard in Resources */ = {isa = PBXBuildFile; fileRef = 03FFB3F423A42DB900C8E559 /* LaunchScreen.storyboard */; };
/* End PBXBuildFile section */

/* Begin PBXFileReference section */
		0301030323A5841D00F1044F /* WordList.swift */ = {isa = PBXFileReference; lastKnownFileType = sourcecode.swift; path = WordList.swift; sourceTree = "<group>"; };
		03FFB3E323A42DB400C8E559 /* Urhobo_Game_V2.app */ = {isa = PBXFileReference; explicitFileType = wrapper.application; includeInIndex = 0; path = Urhobo_Game_V2.app; sourceTree = BUILT_PRODUCTS_DIR; };
		03FFB3E623A42DB400C8E559 /* AppDelegate.swift */ = {isa = PBXFileReference; lastKnownFileType = sourcecode.swift; path = AppDelegate.swift; sourceTree = "<group>"; };
		03FFB3E823A42DB400C8E559 /* SceneDelegate.swift */ = {isa = PBXFileReference; lastKnownFileType = sourcecode.swift; path = SceneDelegate.swift; sourceTree = "<group>"; };
		03FFB3EB23A42DB400C8E559 /* Urhobo_Game_V2.xcdatamodel */ = {isa = PBXFileReference; lastKnownFileType = wrapper.xcdatamodel; path = Urhobo_Game_V2.xcdatamodel; sourceTree = "<group>"; };
		03FFB3ED23A42DB400C8E559 /* ContentView.swift */ = {isa = PBXFileReference; lastKnownFileType = sourcecode.swift; path = ContentView.swift; sourceTree = "<group>"; };
		03FFB3EF23A42DB900C8E559 /* Assets.xcassets */ = {isa = PBXFileReference; lastKnownFileType = folder.assetcatalog; path = Assets.xcassets; sourceTree = "<group>"; };
		03FFB3F223A42DB900C8E559 /* Preview Assets.xcassets */ = {isa = PBXFileReference; lastKnownFileType = folder.assetcatalog; path = "Preview Assets.xcassets"; sourceTree = "<group>"; };
		03FFB3F523A42DB900C8E559 /* Base */ = {isa = PBXFileReference; lastKnownFileType = file.storyboard; name = Base; path = Base.lproj/LaunchScreen.storyboard; sourceTree = "<group>"; };
		03FFB3F723A42DB900C8E559 /* Info.plist */ = {isa = PBXFileReference; lastKnownFileType = text.plist.xml; path = Info.plist; sourceTree = "<group>"; };
/* End PBXFileReference section */

/* Begin PBXFrameworksBuildPhase section */
		03FFB3E023A42DB400C8E559 /* Frameworks */ = {
			isa = PBXFrameworksBuildPhase;
			buildActionMask = 2147483647;
			files = (
			);
			runOnlyForDeploymentPostprocessing = 0;
		};
/* End PBXFrameworksBuildPhase section */

/* Begin PBXGroup section */
		03FFB3DA23A42DB400C8E559 = {
			isa = PBXGroup;
			children = (
				03FFB3E523A42DB400C8E559 /* Urhobo_Game_V2 */,
				03FFB3E423A42DB400C8E559 /* Products */,
			);
			sourceTree = "<group>";
		};
		03FFB3E423A42DB400C8E559 /* Products */ = {
			isa = PBXGroup;
			children = (
				03FFB3E323A42DB400C8E559 /* Urhobo_Game_V2.app */,
			);
			name = Products;
			sourceTree = "<group>";
		};
		03FFB3E523A42DB400C8E559 /* Urhobo_Game_V2 */ = {
			isa = PBXGroup;
			children = (
				0301030323A5841D00F1044F /* WordList.swift */,
				03FFB3E623A42DB400C8E559 /* AppDelegate.swift */,
				03FFB3E823A42DB400C8E559 /* SceneDelegate.swift */,
				03FFB3ED23A42DB400C8E559 /* ContentView.swift */,
				03FFB3EF23A42DB900C8E559 /* Assets.xcassets */,
				03FFB3F423A42DB900C8E559 /* LaunchScreen.storyboard */,
				03FFB3F723A42DB900C8E559 /* Info.plist */,
				03FFB3EA23A42DB400C8E559 /* Urhobo_Game_V2.xcdatamodeld */,
				03FFB3F123A42DB900C8E559 /* Preview Content */,
			);
			path = Urhobo_Game_V2;
			sourceTree = "<group>";
		};
		03FFB3F123A42DB900C8E559 /* Preview Content */ = {
			isa = PBXGroup;
			children = (
				03FFB3F223A42DB900C8E559 /* Preview Assets.xcassets */,
			);
			path = "Preview Content";
			sourceTree = "<group>";
		};
/* End PBXGroup section */

/* Begin PBXNativeTarget section */
		03FFB3E223A42DB400C8E559 /* Urhobo_Game_V2 */ = {
			isa = PBXNativeTarget;
			buildConfigurationList = 03FFB3FA23A42DB900C8E559 /* Build configuration list for PBXNativeTarget "Urhobo_Game_V2" */;
			buildPhases = (
				03FFB3DF23A42DB400C8E559 /* Sources */,
				03FFB3E023A42DB400C8E559 /* Frameworks */,
				03FFB3E123A42DB400C8E559 /* Resources */,
			);
			buildRules = (
			);
			dependencies = (
			);
			name = Urhobo_Game_V2;
			productName = Urhobo_Game_V2;
			productReference = 03FFB3E323A42DB400C8E559 /* Urhobo_Game_V2.app */;
			productType = "com.apple.product-type.application";
		};
/* End PBXNativeTarget section */

/* Begin PBXProject section */
		03FFB3DB23A42DB400C8E559 /* Project object */ = {
			isa = PBXProject;
			attributes = {
				LastSwiftUpdateCheck = 1130;
				LastUpgradeCheck = 1130;
				ORGANIZATIONNAME = "Ufuoma Okoro";
				TargetAttributes = {
					03FFB3E223A42DB400C8E559 = {
						CreatedOnToolsVersion = 11.3;
					};
				};
			};
			buildConfigurationList = 03FFB3DE23A42DB400C8E559 /* Build configuration list for PBXProject "Urhobo_Game_V2" */;
			compatibilityVersion = "Xcode 9.3";
			developmentRegion = en;
			hasScannedForEncodings = 0;
			knownRegions = (
				en,
				Base,
			);
			mainGroup = 03FFB3DA23A42DB400C8E559;
			productRefGroup = 03FFB3E423A42DB400C8E559 /* Products */;
			projectDirPath = "";
			projectRoot = "";
			targets = (
				03FFB3E223A42DB400C8E559 /* Urhobo_Game_V2 */,
			);
		};
/* End PBXProject section */

/* Begin PBXResourcesBuildPhase section */
		03FFB3E123A42DB400C8E559 /* Resources */ = {
			isa = PBXResourcesBuildPhase;
			buildActionMask = 2147483647;
			files = (
				03FFB3F623A42DB900C8E559 /* LaunchScreen.storyboard in Resources */,
				03FFB3F323A42DB900C8E559 /* Preview Assets.xcassets in Resources */,
				03FFB3F023A42DB900C8E559 /* Assets.xcassets in Resources */,
			);
			runOnlyForDeploymentPostprocessing = 0;
		};
/* End PBXResourcesBuildPhase section */

/* Begin PBXSourcesBuildPhase section */
		03FFB3DF23A42DB400C8E559 /* Sources */ = {
			isa = PBXSourcesBuildPhase;
			buildActionMask = 2147483647;
			files = (
				03FFB3E723A42DB400C8E559 /* AppDelegate.swift in Sources */,
				03FFB3EC23A42DB400C8E559 /* Urhobo_Game_V2.xcdatamodeld in Sources */,
				03FFB3EE23A42DB400C8E559 /* ContentView.swift in Sources */,
				03FFB3E923A42DB400C8E559 /* SceneDelegate.swift in Sources */,
				0301030423A5841D00F1044F /* WordList.swift in Sources */,
			);
			runOnlyForDeploymentPostprocessing = 0;
		};
/* End PBXSourcesBuildPhase section */

/* Begin PBXVariantGroup section */
		03FFB3F423A42DB900C8E559 /* LaunchScreen.storyboard */ = {
			isa = PBXVariantGroup;
			children = (
				03FFB3F523A42DB900C8E559 /* Base */,
			);
			name = LaunchScreen.storyboard;
			sourceTree = "<group>";
		};
/* End PBXVariantGroup section */

/* Begin XCBuildConfiguration section */
		03FFB3F823A42DB900C8E559 /* Debug */ = {
			isa = XCBuildConfiguration;
			buildSettings = {
				ALWAYS_SEARCH_USER_PATHS = NO;
				CLANG_ANALYZER_NONNULL = YES;
				CLANG_ANALYZER_NUMBER_OBJECT_CONVERSION = YES_AGGRESSIVE;
				CLANG_CXX_LANGUAGE_STANDARD = "gnu++14";
				CLANG_CXX_LIBRARY = "libc++";
				CLANG_ENABLE_MODULES = YES;
				CLANG_ENABLE_OBJC_ARC = YES;
				CLANG_ENABLE_OBJC_WEAK = YES;
				CLANG_WARN_BLOCK_CAPTURE_AUTORELEASING = YES;
				CLANG_WARN_BOOL_CONVERSION = YES;
				CLANG_WARN_COMMA = YES;
				CLANG_WARN_CONSTANT_CONVERSION = YES;
				CLANG_WARN_DEPRECATED_OBJC_IMPLEMENTATIONS = YES;
				CLANG_WARN_DIRECT_OBJC_ISA_USAGE = YES_ERROR;
				CLANG_WARN_DOCUMENTATION_COMMENTS = YES;
				CLANG_WARN_EMPTY_BODY = YES;
				CLANG_WARN_ENUM_CONVERSION = YES;
				CLANG_WARN_INFINITE_RECURSION = YES;
				CLANG_WARN_INT_CONVERSION = YES;
				CLANG_WARN_NON_LITERAL_NULL_CONVERSION = YES;
				CLANG_WARN_OBJC_IMPLICIT_RETAIN_SELF = YES;
				CLANG_WARN_OBJC_LITERAL_CONVERSION = YES;
				CLANG_WARN_OBJC_ROOT_CLASS = YES_ERROR;
				CLANG_WARN_RANGE_LOOP_ANALYSIS = YES;
				CLANG_WARN_STRICT_PROTOTYPES = YES;
				CLANG_WARN_SUSPICIOUS_MOVE = YES;
				CLANG_WARN_UNGUARDED_AVAILABILITY = YES_AGGRESSIVE;
				CLANG_WARN_UNREACHABLE_CODE = YES;
				CLANG_WARN__DUPLICATE_METHOD_MATCH = YES;
				COPY_PHASE_STRIP = NO;
				DEBUG_INFORMATION_FORMAT = dwarf;
				ENABLE_STRICT_OBJC_MSGSEND = YES;
				ENABLE_TESTABILITY = YES;
				GCC_C_LANGUAGE_STANDARD = gnu11;
				GCC_DYNAMIC_NO_PIC = NO;
				GCC_NO_COMMON_BLOCKS = YES;
				GCC_OPTIMIZATION_LEVEL = 0;
				GCC_PREPROCESSOR_DEFINITIONS = (
					"DEBUG=1",
					"$(inherited)",
				);
				GCC_WARN_64_TO_32_BIT_CONVERSION = YES;
				GCC_WARN_ABOUT_RETURN_TYPE = YES_ERROR;
				GCC_WARN_UNDECLARED_SELECTOR = YES;
				GCC_WARN_UNINITIALIZED_AUTOS = YES_AGGRESSIVE;
				GCC_WARN_UNUSED_FUNCTION = YES;
				GCC_WARN_UNUSED_VARIABLE = YES;
				IPHONEOS_DEPLOYMENT_TARGET = 13.2;
				MTL_ENABLE_DEBUG_INFO = INCLUDE_SOURCE;
				MTL_FAST_MATH = YES;
				ONLY_ACTIVE_ARCH = YES;
				SDKROOT = iphoneos;
				SWIFT_ACTIVE_COMPILATION_CONDITIONS = DEBUG;
				SWIFT_OPTIMIZATION_LEVEL = "-Onone";
			};
			name = Debug;
		};
		03FFB3F923A42DB900C8E559 /* Release */ = {
			isa = XCBuildConfiguration;
			buildSettings = {
				ALWAYS_SEARCH_USER_PATHS = NO;
				CLANG_ANALYZER_NONNULL = YES;
				CLANG_ANALYZER_NUMBER_OBJECT_CONVERSION = YES_AGGRESSIVE;
				CLANG_CXX_LANGUAGE_STANDARD = "gnu++14";
				CLANG_CXX_LIBRARY = "libc++";
				CLANG_ENABLE_MODULES = YES;
				CLANG_ENABLE_OBJC_ARC = YES;
				CLANG_ENABLE_OBJC_WEAK = YES;
				CLANG_WARN_BLOCK_CAPTURE_AUTORELEASING = YES;
				CLANG_WARN_BOOL_CONVERSION = YES;
				CLANG_WARN_COMMA = YES;
				CLANG_WARN_CONSTANT_CONVERSION = YES;
				CLANG_WARN_DEPRECATED_OBJC_IMPLEMENTATIONS = YES;
				CLANG_WARN_DIRECT_OBJC_ISA_USAGE = YES_ERROR;
				CLANG_WARN_DOCUMENTATION_COMMENTS = YES;
				CLANG_WARN_EMPTY_BODY = YES;
				CLANG_WARN_ENUM_CONVERSION = YES;
				CLANG_WARN_INFINITE_RECURSION = YES;
				CLANG_WARN_INT_CONVERSION = YES;
				CLANG_WARN_NON_LITERAL_NULL_CONVERSION = YES;
				CLANG_WARN_OBJC_IMPLICIT_RETAIN_SELF = YES;
				CLANG_WARN_OBJC_LITERAL_CONVERSION = YES;
				CLANG_WARN_OBJC_ROOT_CLASS = YES_ERROR;
				CLANG_WARN_RANGE_LOOP_ANALYSIS = YES;
				CLANG_WARN_STRICT_PROTOTYPES = YES;
				CLANG_WARN_SUSPICIOUS_MOVE = YES;
				CLANG_WARN_UNGUARDED_AVAILABILITY = YES_AGGRESSIVE;
				CLANG_WARN_UNREACHABLE_CODE = YES;
				CLANG_WARN__DUPLICATE_METHOD_MATCH = YES;
				COPY_PHASE_STRIP = NO;
				DEBUG_INFORMATION_FORMAT = "dwarf-with-dsym";
				ENABLE_NS_ASSERTIONS = NO;
				ENABLE_STRICT_OBJC_MSGSEND = YES;
				GCC_C_LANGUAGE_STANDARD = gnu11;
				GCC_NO_COMMON_BLOCKS = YES;
				GCC_WARN_64_TO_32_BIT_CONVERSION = YES;
				GCC_WARN_ABOUT_RETURN_TYPE = YES_ERROR;
				GCC_WARN_UNDECLARED_SELECTOR = YES;
				GCC_WARN_UNINITIALIZED_AUTOS = YES_AGGRESSIVE;
				GCC_WARN_UNUSED_FUNCTION = YES;
				GCC_WARN_UNUSED_VARIABLE = YES;
				IPHONEOS_DEPLOYMENT_TARGET = 13.2;
				MTL_ENABLE_DEBUG_INFO = NO;
				MTL_FAST_MATH = YES;
				SDKROOT = iphoneos;
				SWIFT_COMPILATION_MODE = wholemodule;
				SWIFT_OPTIMIZATION_LEVEL = "-O";
				VALIDATE_PRODUCT = YES;
			};
			name = Release;
		};
		03FFB3FB23A42DB900C8E559 /* Debug */ = {
			isa = XCBuildConfiguration;
			buildSettings = {
				ASSETCATALOG_COMPILER_APPICON_NAME = AppIcon;
				CODE_SIGN_STYLE = Automatic;
				DEVELOPMENT_ASSET_PATHS = "\"Urhobo_Game_V2/Preview Content\"";
				ENABLE_PREVIEWS = YES;
				INFOPLIST_FILE = Urhobo_Game_V2/Info.plist;
				LD_RUNPATH_SEARCH_PATHS = (
					"$(inherited)",
					"@executable_path/Frameworks",
				);
				PRODUCT_BUNDLE_IDENTIFIER = "ufookoro-me.com.Urhobo-Game-V2";
				PRODUCT_NAME = "$(TARGET_NAME)";
				SWIFT_VERSION = 5.0;
				TARGETED_DEVICE_FAMILY = "1,2";
			};
			name = Debug;
		};
		03FFB3FC23A42DB900C8E559 /* Release */ = {
			isa = XCBuildConfiguration;
			buildSettings = {
				ASSETCATALOG_COMPILER_APPICON_NAME = AppIcon;
				CODE_SIGN_STYLE = Automatic;
				DEVELOPMENT_ASSET_PATHS = "\"Urhobo_Game_V2/Preview Content\"";
				ENABLE_PREVIEWS = YES;
				INFOPLIST_FILE = Urhobo_Game_V2/Info.plist;
				LD_RUNPATH_SEARCH_PATHS = (
					"$(inherited)",
					"@executable_path/Frameworks",
				);
				PRODUCT_BUNDLE_IDENTIFIER = "ufookoro-me.com.Urhobo-Game-V2";
				PRODUCT_NAME = "$(TARGET_NAME)";
				SWIFT_VERSION = 5.0;
				TARGETED_DEVICE_FAMILY = "1,2";
			};
			name = Release;
		};
/* End XCBuildConfiguration section */

/* Begin XCConfigurationList section */
		03FFB3DE23A42DB400C8E559 /* Build configuration list for PBXProject "Urhobo_Game_V2" */ = {
			isa = XCConfigurationList;
			buildConfigurations = (
				03FFB3F823A42DB900C8E559 /* Debug */,
				03FFB3F923A42DB900C8E559 /* Release */,
			);
			defaultConfigurationIsVisible = 0;
			defaultConfigurationName = Release;
		};
		03FFB3FA23A42DB900C8E559 /* Build configuration list for PBXNativeTarget "Urhobo_Game_V2" */ = {
			isa = XCConfigurationList;
			buildConfigurations = (
				03FFB3FB23A42DB900C8E559 /* Debug */,
				03FFB3FC23A42DB900C8E559 /* Release */,
			);
			defaultConfigurationIsVisible = 0;
			defaultConfigurationName = Release;
		};
/* End XCConfigurationList section */

/* Begin XCVersionGroup section */
		03FFB3EA23A42DB400C8E559 /* Urhobo_Game_V2.xcdatamodeld */ = {
			isa = XCVersionGroup;
			children = (
				03FFB3EB23A42DB400C8E559 /* Urhobo_Game_V2.xcdatamodel */,
			);
			currentVersion = 03FFB3EB23A42DB400C8E559 /* Urhobo_Game_V2.xcdatamodel */;
			path = Urhobo_Game_V2.xcdatamodeld;
			sourceTree = "<group>";
			versionGroupType = wrapper.xcdatamodel;
		};
/* End XCVersionGroup section */
	};
	rootObject = 03FFB3DB23A42DB400C8E559 /* Project object */;
}
